// !$*UTF8*$!
{
	archiveVersion = 1;
	classes = {
	};
	objectVersion = 46;
	objects = {

/* Begin PBXBuildFile section */
		42ABE2DE1DEE836D0096ECEA /* AppDelegate.swift in Sources */ = {isa = PBXBuildFile; fileRef = 42ABE2DD1DEE836D0096ECEA /* AppDelegate.swift */; };
		42ABE2E01DEE836D0096ECEA /* ViewController.swift in Sources */ = {isa = PBXBuildFile; fileRef = 42ABE2DF1DEE836D0096ECEA /* ViewController.swift */; };
		42ABE2E31DEE836D0096ECEA /* Main.storyboard in Resources */ = {isa = PBXBuildFile; fileRef = 42ABE2E11DEE836D0096ECEA /* Main.storyboard */; };
		42ABE2E51DEE836D0096ECEA /* Assets.xcassets in Resources */ = {isa = PBXBuildFile; fileRef = 42ABE2E41DEE836D0096ECEA /* Assets.xcassets */; };
		42ABE2E81DEE836D0096ECEA /* LaunchScreen.storyboard in Resources */ = {isa = PBXBuildFile; fileRef = 42ABE2E61DEE836D0096ECEA /* LaunchScreen.storyboard */; };
		42ABE2F01DEE85F80096ECEA /* BackgroundImageData.swift in Sources */ = {isa = PBXBuildFile; fileRef = 42ABE2EF1DEE85F80096ECEA /* BackgroundImageData.swift */; };
		42ABE2F21DEE8FD10096ECEA /* Constants.swift in Sources */ = {isa = PBXBuildFile; fileRef = 42ABE2F11DEE8FD10096ECEA /* Constants.swift */; };
		42ABE2F81DEFC0670096ECEA /* QuoteData.swift in Sources */ = {isa = PBXBuildFile; fileRef = 42ABE2F71DEFC0670096ECEA /* QuoteData.swift */; };
		8C038641BFA4F86B9961CD5B /* Pods_Demotivatr.framework in Frameworks */ = {isa = PBXBuildFile; fileRef = 4D80419EE2C07608B068E14E /* Pods_Demotivatr.framework */; };
/* End PBXBuildFile section */

/* Begin PBXFileReference section */
		42ABE2DA1DEE836D0096ECEA /* Demotivatr.app */ = {isa = PBXFileReference; explicitFileType = wrapper.application; includeInIndex = 0; path = Demotivatr.app; sourceTree = BUILT_PRODUCTS_DIR; };
		42ABE2DD1DEE836D0096ECEA /* AppDelegate.swift */ = {isa = PBXFileReference; lastKnownFileType = sourcecode.swift; path = AppDelegate.swift; sourceTree = "<group>"; };
		42ABE2DF1DEE836D0096ECEA /* ViewController.swift */ = {isa = PBXFileReference; lastKnownFileType = sourcecode.swift; path = ViewController.swift; sourceTree = "<group>"; };
		42ABE2E21DEE836D0096ECEA /* Base */ = {isa = PBXFileReference; lastKnownFileType = file.storyboard; name = Base; path = Base.lproj/Main.storyboard; sourceTree = "<group>"; };
		42ABE2E41DEE836D0096ECEA /* Assets.xcassets */ = {isa = PBXFileReference; lastKnownFileType = folder.assetcatalog; path = Assets.xcassets; sourceTree = "<group>"; };
		42ABE2E71DEE836D0096ECEA /* Base */ = {isa = PBXFileReference; lastKnownFileType = file.storyboard; name = Base; path = Base.lproj/LaunchScreen.storyboard; sourceTree = "<group>"; };
		42ABE2E91DEE836D0096ECEA /* Info.plist */ = {isa = PBXFileReference; lastKnownFileType = text.plist.xml; path = Info.plist; sourceTree = "<group>"; };
		42ABE2EF1DEE85F80096ECEA /* BackgroundImageData.swift */ = {isa = PBXFileReference; fileEncoding = 4; lastKnownFileType = sourcecode.swift; path = BackgroundImageData.swift; sourceTree = "<group>"; };
		42ABE2F11DEE8FD10096ECEA /* Constants.swift */ = {isa = PBXFileReference; fileEncoding = 4; lastKnownFileType = sourcecode.swift; path = Constants.swift; sourceTree = "<group>"; };
		42ABE2F71DEFC0670096ECEA /* QuoteData.swift */ = {isa = PBXFileReference; fileEncoding = 4; lastKnownFileType = sourcecode.swift; path = QuoteData.swift; sourceTree = "<group>"; };
		4D80419EE2C07608B068E14E /* Pods_Demotivatr.framework */ = {isa = PBXFileReference; explicitFileType = wrapper.framework; includeInIndex = 0; path = Pods_Demotivatr.framework; sourceTree = BUILT_PRODUCTS_DIR; };
		9B581DE5375B781483F4C706 /* Pods-Demotivatr.debug.xcconfig */ = {isa = PBXFileReference; includeInIndex = 1; lastKnownFileType = text.xcconfig; name = "Pods-Demotivatr.debug.xcconfig"; path = "Pods/Target Support Files/Pods-Demotivatr/Pods-Demotivatr.debug.xcconfig"; sourceTree = "<group>"; };
		9D0A43A9425D1408A4D4BAE1 /* Pods-Demotivatr.release.xcconfig */ = {isa = PBXFileReference; includeInIndex = 1; lastKnownFileType = text.xcconfig; name = "Pods-Demotivatr.release.xcconfig"; path = "Pods/Target Support Files/Pods-Demotivatr/Pods-Demotivatr.release.xcconfig"; sourceTree = "<group>"; };
/* End PBXFileReference section */

/* Begin PBXFrameworksBuildPhase section */
		42ABE2D71DEE836D0096ECEA /* Frameworks */ = {
			isa = PBXFrameworksBuildPhase;
			buildActionMask = 2147483647;
			files = (
				8C038641BFA4F86B9961CD5B /* Pods_Demotivatr.framework in Frameworks */,
			);
			runOnlyForDeploymentPostprocessing = 0;
		};
/* End PBXFrameworksBuildPhase section */

/* Begin PBXGroup section */
		42ABE2D11DEE836D0096ECEA = {
			isa = PBXGroup;
			children = (
				42ABE2DC1DEE836D0096ECEA /* Demotivatr */,
				42ABE2DB1DEE836D0096ECEA /* Products */,
				925B43E4A83AF1BC9EFE3026 /* Pods */,
				B3753563F5840E951C1EAB25 /* Frameworks */,
			);
			sourceTree = "<group>";
		};
		42ABE2DB1DEE836D0096ECEA /* Products */ = {
			isa = PBXGroup;
			children = (
				42ABE2DA1DEE836D0096ECEA /* Demotivatr.app */,
			);
			name = Products;
			sourceTree = "<group>";
		};
		42ABE2DC1DEE836D0096ECEA /* Demotivatr */ = {
			isa = PBXGroup;
			children = (
				42ABE2DD1DEE836D0096ECEA /* AppDelegate.swift */,
				42ABE2DF1DEE836D0096ECEA /* ViewController.swift */,
				42ABE2E11DEE836D0096ECEA /* Main.storyboard */,
				42ABE2E41DEE836D0096ECEA /* Assets.xcassets */,
				42ABE2E61DEE836D0096ECEA /* LaunchScreen.storyboard */,
				42ABE2E91DEE836D0096ECEA /* Info.plist */,
				42ABE2EF1DEE85F80096ECEA /* BackgroundImageData.swift */,
				42ABE2F11DEE8FD10096ECEA /* Constants.swift */,
				42ABE2F71DEFC0670096ECEA /* QuoteData.swift */,
			);
			path = Demotivatr;
			sourceTree = "<group>";
		};
		925B43E4A83AF1BC9EFE3026 /* Pods */ = {
			isa = PBXGroup;
			children = (
				9B581DE5375B781483F4C706 /* Pods-Demotivatr.debug.xcconfig */,
				9D0A43A9425D1408A4D4BAE1 /* Pods-Demotivatr.release.xcconfig */,
			);
			name = Pods;
			sourceTree = "<group>";
		};
		B3753563F5840E951C1EAB25 /* Frameworks */ = {
			isa = PBXGroup;
			children = (
				4D80419EE2C07608B068E14E /* Pods_Demotivatr.framework */,
			);
			name = Frameworks;
			sourceTree = "<group>";
		};
/* End PBXGroup section */

/* Begin PBXNativeTarget section */
		42ABE2D91DEE836D0096ECEA /* Demotivatr */ = {
			isa = PBXNativeTarget;
			buildConfigurationList = 42ABE2EC1DEE836D0096ECEA /* Build configuration list for PBXNativeTarget "Demotivatr" */;
			buildPhases = (
				05A3E9D90B3B3B819AB3F0C7 /* [CP] Check Pods Manifest.lock */,
				42ABE2D61DEE836D0096ECEA /* Sources */,
				42ABE2D71DEE836D0096ECEA /* Frameworks */,
				42ABE2D81DEE836D0096ECEA /* Resources */,
				0491A15EDC2CFEA87BCCE0FB /* [CP] Embed Pods Frameworks */,
				3E2FC20515087FD88DB7DDD5 /* [CP] Copy Pods Resources */,
			);
			buildRules = (
			);
			dependencies = (
			);
			name = Demotivatr;
			productName = Demotivatr;
			productReference = 42ABE2DA1DEE836D0096ECEA /* Demotivatr.app */;
			productType = "com.apple.product-type.application";
		};
/* End PBXNativeTarget section */

/* Begin PBXProject section */
		42ABE2D21DEE836D0096ECEA /* Project object */ = {
			isa = PBXProject;
			attributes = {
				LastSwiftUpdateCheck = 0810;
				LastUpgradeCheck = 0810;
				ORGANIZATIONNAME = "Dave Hurley";
				TargetAttributes = {
					42ABE2D91DEE836D0096ECEA = {
						CreatedOnToolsVersion = 8.1;
						DevelopmentTeam = V4RWNDPEWZ;
						ProvisioningStyle = Automatic;
					};
				};
			};
			buildConfigurationList = 42ABE2D51DEE836D0096ECEA /* Build configuration list for PBXProject "Demotivatr" */;
			compatibilityVersion = "Xcode 3.2";
			developmentRegion = English;
			hasScannedForEncodings = 0;
			knownRegions = (
				en,
				Base,
			);
			mainGroup = 42ABE2D11DEE836D0096ECEA;
			productRefGroup = 42ABE2DB1DEE836D0096ECEA /* Products */;
			projectDirPath = "";
			projectRoot = "";
			targets = (
				42ABE2D91DEE836D0096ECEA /* Demotivatr */,
			);
		};
/* End PBXProject section */

/* Begin PBXResourcesBuildPhase section */
		42ABE2D81DEE836D0096ECEA /* Resources */ = {
			isa = PBXResourcesBuildPhase;
			buildActionMask = 2147483647;
			files = (
				42ABE2E81DEE836D0096ECEA /* LaunchScreen.storyboard in Resources */,
				42ABE2E51DEE836D0096ECEA /* Assets.xcassets in Resources */,
				42ABE2E31DEE836D0096ECEA /* Main.storyboard in Resources */,
			);
			runOnlyForDeploymentPostprocessing = 0;
		};
/* End PBXResourcesBuildPhase section */

/* Begin PBXShellScriptBuildPhase section */
		0491A15EDC2CFEA87BCCE0FB /* [CP] Embed Pods Frameworks */ = {
			isa = PBXShellScriptBuildPhase;
			buildActionMask = 2147483647;
			files = (
			);
			inputPaths = (
			);
			name = "[CP] Embed Pods Frameworks";
			outputPaths = (
			);
			runOnlyForDeploymentPostprocessing = 0;
			shellPath = /bin/sh;
			shellScript = "\"${SRCROOT}/Pods/Target Support Files/Pods-Demotivatr/Pods-Demotivatr-frameworks.sh\"\n";
			showEnvVarsInLog = 0;
		};
		05A3E9D90B3B3B819AB3F0C7 /* [CP] Check Pods Manifest.lock */ = {
			isa = PBXShellScriptBuildPhase;
			buildActionMask = 2147483647;
			files = (
			);
			inputPaths = (
			);
			name = "[CP] Check Pods Manifest.lock";
			outputPaths = (
			);
			runOnlyForDeploymentPostprocessing = 0;
			shellPath = /bin/sh;
			shellScript = "diff \"${PODS_ROOT}/../Podfile.lock\" \"${PODS_ROOT}/Manifest.lock\" > /dev/null\nif [ $? != 0 ] ; then\n    # print error to STDERR\n    echo \"error: The sandbox is not in sync with the Podfile.lock. Run 'pod install' or update your CocoaPods installation.\" >&2\n    exit 1\nfi\n";
			showEnvVarsInLog = 0;
		};
		3E2FC20515087FD88DB7DDD5 /* [CP] Copy Pods Resources */ = {
			isa = PBXShellScriptBuildPhase;
			buildActionMask = 2147483647;
			files = (
			);
			inputPaths = (
			);
			name = "[CP] Copy Pods Resources";
			outputPaths = (
			);
			runOnlyForDeploymentPostprocessing = 0;
			shellPath = /bin/sh;
			shellScript = "\"${SRCROOT}/Pods/Target Support Files/Pods-Demotivatr/Pods-Demotivatr-resources.sh\"\n";
			showEnvVarsInLog = 0;
		};
/* End PBXShellScriptBuildPhase section */

/* Begin PBXSourcesBuildPhase section */
		42ABE2D61DEE836D0096ECEA /* Sources */ = {
			isa = PBXSourcesBuildPhase;
			buildActionMask = 2147483647;
			files = (
				42ABE2F01DEE85F80096ECEA /* BackgroundImageData.swift in Sources */,
				42ABE2E01DEE836D0096ECEA /* ViewController.swift in Sources */,
				42ABE2DE1DEE836D0096ECEA /* AppDelegate.swift in Sources */,
				42ABE2F21DEE8FD10096ECEA /* Constants.swift in Sources */,
				42ABE2F81DEFC0670096ECEA /* QuoteData.swift in Sources */,
			);
			runOnlyForDeploymentPostprocessing = 0;
		};
/* End PBXSourcesBuildPhase section */

/* Begin PBXVariantGroup section */
		42ABE2E11DEE836D0096ECEA /* Main.storyboard */ = {
			isa = PBXVariantGroup;
			children = (
				42ABE2E21DEE836D0096ECEA /* Base */,
			);
			name = Main.storyboard;
			sourceTree = "<group>";
		};
		42ABE2E61DEE836D0096ECEA /* LaunchScreen.storyboard */ = {
			isa = PBXVariantGroup;
			children = (
				42ABE2E71DEE836D0096ECEA /* Base */,
			);
			name = LaunchScreen.storyboard;
			sourceTree = "<group>";
		};
/* End PBXVariantGroup section */

/* Begin XCBuildConfiguration section */
		42ABE2EA1DEE836D0096ECEA /* Debug */ = {
			isa = XCBuildConfiguration;
			buildSettings = {
				ALWAYS_SEARCH_USER_PATHS = NO;
				CLANG_ANALYZER_NONNULL = YES;
				CLANG_CXX_LANGUAGE_STANDARD = "gnu++0x";
				CLANG_CXX_LIBRARY = "libc++";
				CLANG_ENABLE_MODULES = YES;
				CLANG_ENABLE_OBJC_ARC = YES;
				CLANG_WARN_BOOL_CONVERSION = YES;
				CLANG_WARN_CONSTANT_CONVERSION = YES;
				CLANG_WARN_DIRECT_OBJC_ISA_USAGE = YES_ERROR;
				CLANG_WARN_DOCUMENTATION_COMMENTS = YES;
				CLANG_WARN_EMPTY_BODY = YES;
				CLANG_WARN_ENUM_CONVERSION = YES;
				CLANG_WARN_INFINITE_RECURSION = YES;
				CLANG_WARN_INT_CONVERSION = YES;
				CLANG_WARN_OBJC_ROOT_CLASS = YES_ERROR;
				CLANG_WARN_SUSPICIOUS_MOVES = YES;
				CLANG_WARN_UNREACHABLE_CODE = YES;
				CLANG_WARN__DUPLICATE_METHOD_MATCH = YES;
				"CODE_SIGN_IDENTITY[sdk=iphoneos*]" = "iPhone Developer";
				COPY_PHASE_STRIP = NO;
				DEBUG_INFORMATION_FORMAT = dwarf;
				ENABLE_STRICT_OBJC_MSGSEND = YES;
				ENABLE_TESTABILITY = YES;
				GCC_C_LANGUAGE_STANDARD = gnu99;
				GCC_DYNAMIC_NO_PIC = NO;
				GCC_NO_COMMON_BLOCKS = YES;
				GCC_OPTIMIZATION_LEVEL = 0;
				GCC_PREPROCESSOR_DEFINITIONS = (
					"DEBUG=1",
					"$(inherited)",
				);
				GCC_WARN_64_TO_32_BIT_CONVERSION = YES;
				GCC_WARN_ABOUT_RETURN_TYPE = YES_ERROR;
				GCC_WARN_UNDECLARED_SELECTOR = YES;
				GCC_WARN_UNINITIALIZED_AUTOS = YES_AGGRESSIVE;
				GCC_WARN_UNUSED_FUNCTION = YES;
				GCC_WARN_UNUSED_VARIABLE = YES;
				IPHONEOS_DEPLOYMENT_TARGET = 10.1;
				MTL_ENABLE_DEBUG_INFO = YES;
				ONLY_ACTIVE_ARCH = YES;
				SDKROOT = iphoneos;
				SWIFT_ACTIVE_COMPILATION_CONDITIONS = DEBUG;
				SWIFT_OPTIMIZATION_LEVEL = "-Onone";
			};
			name = Debug;
		};
		42ABE2EB1DEE836D0096ECEA /* Release */ = {
			isa = XCBuildConfiguration;
			buildSettings = {
				ALWAYS_SEARCH_USER_PATHS = NO;
				CLANG_ANALYZER_NONNULL = YES;
				CLANG_CXX_LANGUAGE_STANDARD = "gnu++0x";
				CLANG_CXX_LIBRARY = "libc++";
				CLANG_ENABLE_MODULES = YES;
				CLANG_ENABLE_OBJC_ARC = YES;
				CLANG_WARN_BOOL_CONVERSION = YES;
				CLANG_WARN_CONSTANT_CONVERSION = YES;
				CLANG_WARN_DIRECT_OBJC_ISA_USAGE = YES_ERROR;
				CLANG_WARN_DOCUMENTATION_COMMENTS = YES;
				CLANG_WARN_EMPTY_BODY = YES;
				CLANG_WARN_ENUM_CONVERSION = YES;
				CLANG_WARN_INFINITE_RECURSION = YES;
				CLANG_WARN_INT_CONVERSION = YES;
				CLANG_WARN_OBJC_ROOT_CLASS = YES_ERROR;
				CLANG_WARN_SUSPICIOUS_MOVES = YES;
				CLANG_WARN_UNREACHABLE_CODE = YES;
				CLANG_WARN__DUPLICATE_METHOD_MATCH = YES;
				"CODE_SIGN_IDENTITY[sdk=iphoneos*]" = "iPhone Developer";
				COPY_PHASE_STRIP = NO;
				DEBUG_INFORMATION_FORMAT = "dwarf-with-dsym";
				ENABLE_NS_ASSERTIONS = NO;
				ENABLE_STRICT_OBJC_MSGSEND = YES;
				GCC_C_LANGUAGE_STANDARD = gnu99;
				GCC_NO_COMMON_BLOCKS = YES;
				GCC_WARN_64_TO_32_BIT_CONVERSION = YES;
				GCC_WARN_ABOUT_RETURN_TYPE = YES_ERROR;
				GCC_WARN_UNDECLARED_SELECTOR = YES;
				GCC_WARN_UNINITIALIZED_AUTOS = YES_AGGRESSIVE;
				GCC_WARN_UNUSED_FUNCTION = YES;
				GCC_WARN_UNUSED_VARIABLE = YES;
				IPHONEOS_DEPLOYMENT_TARGET = 10.1;
				MTL_ENABLE_DEBUG_INFO = NO;
				SDKROOT = iphoneos;
				SWIFT_OPTIMIZATION_LEVEL = "-Owholemodule";
				VALIDATE_PRODUCT = YES;
			};
			name = Release;
		};
		42ABE2ED1DEE836D0096ECEA /* Debug */ = {
			isa = XCBuildConfiguration;
			baseConfigurationReference = 9B581DE5375B781483F4C706 /* Pods-Demotivatr.debug.xcconfig */;
			buildSettings = {
				ASSETCATALOG_COMPILER_APPICON_NAME = AppIcon;
				DEVELOPMENT_TEAM = V4RWNDPEWZ;
				INFOPLIST_FILE = Demotivatr/Info.plist;
				LD_RUNPATH_SEARCH_PATHS = "$(inherited) @executable_path/Frameworks";
				PRODUCT_BUNDLE_IDENTIFIER = hurley.Demotivatr;
				PRODUCT_NAME = "$(TARGET_NAME)";
				SWIFT_VERSION = 3.0;
			};
			name = Debug;
		};
		42ABE2EE1DEE836D0096ECEA /* Release */ = {
			isa = XCBuildConfiguration;
			baseConfigurationReference = 9D0A43A9425D1408A4D4BAE1 /* Pods-Demotivatr.release.xcconfig */;
			buildSettings = {
				ASSETCATALOG_COMPILER_APPICON_NAME = AppIcon;
				DEVELOPMENT_TEAM = V4RWNDPEWZ;
				INFOPLIST_FILE = Demotivatr/Info.plist;
				LD_RUNPATH_SEARCH_PATHS = "$(inherited) @executable_path/Frameworks";
				PRODUCT_BUNDLE_IDENTIFIER = hurley.Demotivatr;
				PRODUCT_NAME = "$(TARGET_NAME)";
				SWIFT_VERSION = 3.0;
			};
			name = Release;
		};
/* End XCBuildConfiguration section */

/* Begin XCConfigurationList section */
		42ABE2D51DEE836D0096ECEA /* Build configuration list for PBXProject "Demotivatr" */ = {
			isa = XCConfigurationList;
			buildConfigurations = (
				42ABE2EA1DEE836D0096ECEA /* Debug */,
				42ABE2EB1DEE836D0096ECEA /* Release */,
			);
			defaultConfigurationIsVisible = 0;
			defaultConfigurationName = Release;
		};
		42ABE2EC1DEE836D0096ECEA /* Build configuration list for PBXNativeTarget "Demotivatr" */ = {
			isa = XCConfigurationList;
			buildConfigurations = (
				42ABE2ED1DEE836D0096ECEA /* Debug */,
				42ABE2EE1DEE836D0096ECEA /* Release */,
			);
			defaultConfigurationIsVisible = 0;
			defaultConfigurationName = Release;
		};
/* End XCConfigurationList section */
	};
	rootObject = 42ABE2D21DEE836D0096ECEA /* Project object */;
}
